// !$*UTF8*$!
{
	archiveVersion = 1;
	classes = {
	};
	objectVersion = 46;
	objects = {

/* Begin PBXBuildFile section */
		0F6220FB71E7D83BCABFE7A0 /* Pods_Setakmon.framework in Frameworks */ = {isa = PBXBuildFile; fileRef = 4E95636E1ACA493E555C7ACF /* Pods_Setakmon.framework */; };
		536AF7F51F402A5A00D42F14 /* WasherRoomModel.swift in Sources */ = {isa = PBXBuildFile; fileRef = 536AF7F41F402A5A00D42F14 /* WasherRoomModel.swift */; };
		536AF7FB1F4041AA00D42F14 /* WasherUpdateDeleagte.swift in Sources */ = {isa = PBXBuildFile; fileRef = 536AF7FA1F4041AA00D42F14 /* WasherUpdateDeleagte.swift */; };
		536AF7FD1F40452600D42F14 /* MainViewController.swift in Sources */ = {isa = PBXBuildFile; fileRef = 536AF7FC1F40452600D42F14 /* MainViewController.swift */; };
		539B30BE1F2D829700938F4E /* AppDelegate.swift in Sources */ = {isa = PBXBuildFile; fileRef = 539B30BD1F2D829700938F4E /* AppDelegate.swift */; };
		539B30C31F2D829700938F4E /* Main.storyboard in Resources */ = {isa = PBXBuildFile; fileRef = 539B30C11F2D829700938F4E /* Main.storyboard */; };
		539B30C51F2D829700938F4E /* Assets.xcassets in Resources */ = {isa = PBXBuildFile; fileRef = 539B30C41F2D829700938F4E /* Assets.xcassets */; };
		539B30C81F2D829700938F4E /* LaunchScreen.storyboard in Resources */ = {isa = PBXBuildFile; fileRef = 539B30C61F2D829700938F4E /* LaunchScreen.storyboard */; };
		539B30D01F2D82D700938F4E /* GoogleService-Info.plist in Resources */ = {isa = PBXBuildFile; fileRef = 539B30CF1F2D82D700938F4E /* GoogleService-Info.plist */; };
		539B30D41F2D8F9200938F4E /* MainTableViewCell.swift in Sources */ = {isa = PBXBuildFile; fileRef = 539B30D31F2D8F9200938F4E /* MainTableViewCell.swift */; };
		539B30D61F2D936D00938F4E /* Washer.swift in Sources */ = {isa = PBXBuildFile; fileRef = 539B30D51F2D936D00938F4E /* Washer.swift */; };
/* End PBXBuildFile section */

/* Begin PBXFileReference section */
		14A2B1418480B33D85C11F4C /* Pods-Setakmon.release.xcconfig */ = {isa = PBXFileReference; includeInIndex = 1; lastKnownFileType = text.xcconfig; name = "Pods-Setakmon.release.xcconfig"; path = "Pods/Target Support Files/Pods-Setakmon/Pods-Setakmon.release.xcconfig"; sourceTree = "<group>"; };
		4E95636E1ACA493E555C7ACF /* Pods_Setakmon.framework */ = {isa = PBXFileReference; explicitFileType = wrapper.framework; includeInIndex = 0; path = Pods_Setakmon.framework; sourceTree = BUILT_PRODUCTS_DIR; };
		536AF7F41F402A5A00D42F14 /* WasherRoomModel.swift */ = {isa = PBXFileReference; fileEncoding = 4; lastKnownFileType = sourcecode.swift; path = WasherRoomModel.swift; sourceTree = "<group>"; };
		536AF7FA1F4041AA00D42F14 /* WasherUpdateDeleagte.swift */ = {isa = PBXFileReference; fileEncoding = 4; lastKnownFileType = sourcecode.swift; path = WasherUpdateDeleagte.swift; sourceTree = "<group>"; };
		536AF7FC1F40452600D42F14 /* MainViewController.swift */ = {isa = PBXFileReference; fileEncoding = 4; lastKnownFileType = sourcecode.swift; path = MainViewController.swift; sourceTree = "<group>"; };
		539B30BA1F2D829700938F4E /* Setakmon.app */ = {isa = PBXFileReference; explicitFileType = wrapper.application; includeInIndex = 0; path = Setakmon.app; sourceTree = BUILT_PRODUCTS_DIR; };
		539B30BD1F2D829700938F4E /* AppDelegate.swift */ = {isa = PBXFileReference; lastKnownFileType = sourcecode.swift; path = AppDelegate.swift; sourceTree = "<group>"; };
		539B30C21F2D829700938F4E /* Base */ = {isa = PBXFileReference; lastKnownFileType = file.storyboard; name = Base; path = Base.lproj/Main.storyboard; sourceTree = "<group>"; };
		539B30C41F2D829700938F4E /* Assets.xcassets */ = {isa = PBXFileReference; lastKnownFileType = folder.assetcatalog; path = Assets.xcassets; sourceTree = "<group>"; };
		539B30C71F2D829700938F4E /* Base */ = {isa = PBXFileReference; lastKnownFileType = file.storyboard; name = Base; path = Base.lproj/LaunchScreen.storyboard; sourceTree = "<group>"; };
		539B30C91F2D829700938F4E /* Info.plist */ = {isa = PBXFileReference; lastKnownFileType = text.plist.xml; path = Info.plist; sourceTree = "<group>"; };
		539B30CF1F2D82D700938F4E /* GoogleService-Info.plist */ = {isa = PBXFileReference; fileEncoding = 4; lastKnownFileType = text.plist.xml; path = "GoogleService-Info.plist"; sourceTree = SOURCE_ROOT; };
		539B30D31F2D8F9200938F4E /* MainTableViewCell.swift */ = {isa = PBXFileReference; fileEncoding = 4; lastKnownFileType = sourcecode.swift; path = MainTableViewCell.swift; sourceTree = "<group>"; };
		539B30D51F2D936D00938F4E /* Washer.swift */ = {isa = PBXFileReference; fileEncoding = 4; lastKnownFileType = sourcecode.swift; path = Washer.swift; sourceTree = "<group>"; };
		8D4F1887BF452E9A6AD21497 /* Pods-Setakmon.debug.xcconfig */ = {isa = PBXFileReference; includeInIndex = 1; lastKnownFileType = text.xcconfig; name = "Pods-Setakmon.debug.xcconfig"; path = "Pods/Target Support Files/Pods-Setakmon/Pods-Setakmon.debug.xcconfig"; sourceTree = "<group>"; };
/* End PBXFileReference section */

/* Begin PBXFrameworksBuildPhase section */
		539B30B71F2D829700938F4E /* Frameworks */ = {
			isa = PBXFrameworksBuildPhase;
			buildActionMask = 2147483647;
			files = (
				0F6220FB71E7D83BCABFE7A0 /* Pods_Setakmon.framework in Frameworks */,
			);
			runOnlyForDeploymentPostprocessing = 0;
		};
/* End PBXFrameworksBuildPhase section */

/* Begin PBXGroup section */
		539B30B11F2D829700938F4E = {
			isa = PBXGroup;
			children = (
				539B30BC1F2D829700938F4E /* Setakmon */,
				539B30BB1F2D829700938F4E /* Products */,
				53E3E733D20C1D2C72AC2299 /* Pods */,
				7CE8FF84672442C98312A26D /* Frameworks */,
			);
			sourceTree = "<group>";
		};
		539B30BB1F2D829700938F4E /* Products */ = {
			isa = PBXGroup;
			children = (
				539B30BA1F2D829700938F4E /* Setakmon.app */,
			);
			name = Products;
			sourceTree = "<group>";
		};
		539B30BC1F2D829700938F4E /* Setakmon */ = {
			isa = PBXGroup;
			children = (
				539B30CF1F2D82D700938F4E /* GoogleService-Info.plist */,
				539B30BD1F2D829700938F4E /* AppDelegate.swift */,
				539B30C11F2D829700938F4E /* Main.storyboard */,
				539B30C41F2D829700938F4E /* Assets.xcassets */,
				539B30C61F2D829700938F4E /* LaunchScreen.storyboard */,
				539B30C91F2D829700938F4E /* Info.plist */,
				539B30D31F2D8F9200938F4E /* MainTableViewCell.swift */,
				539B30D51F2D936D00938F4E /* Washer.swift */,
				536AF7F41F402A5A00D42F14 /* WasherRoomModel.swift */,
				536AF7FA1F4041AA00D42F14 /* WasherUpdateDeleagte.swift */,
				536AF7FC1F40452600D42F14 /* MainViewController.swift */,
			);
			path = Setakmon;
			sourceTree = "<group>";
		};
		53E3E733D20C1D2C72AC2299 /* Pods */ = {
			isa = PBXGroup;
			children = (
				8D4F1887BF452E9A6AD21497 /* Pods-Setakmon.debug.xcconfig */,
				14A2B1418480B33D85C11F4C /* Pods-Setakmon.release.xcconfig */,
			);
			name = Pods;
			sourceTree = "<group>";
		};
		7CE8FF84672442C98312A26D /* Frameworks */ = {
			isa = PBXGroup;
			children = (
				4E95636E1ACA493E555C7ACF /* Pods_Setakmon.framework */,
			);
			name = Frameworks;
			sourceTree = "<group>";
		};
/* End PBXGroup section */

/* Begin PBXNativeTarget section */
		539B30B91F2D829700938F4E /* Setakmon */ = {
			isa = PBXNativeTarget;
			buildConfigurationList = 539B30CC1F2D829700938F4E /* Build configuration list for PBXNativeTarget "Setakmon" */;
			buildPhases = (
				C48144FDF04B4E6AFC7829BA /* [CP] Check Pods Manifest.lock */,
				539B30B61F2D829700938F4E /* Sources */,
				539B30B71F2D829700938F4E /* Frameworks */,
				539B30B81F2D829700938F4E /* Resources */,
				AC399BECCD6ADF882AE1EDE8 /* [CP] Embed Pods Frameworks */,
				CF3A9040997839623ED5E9D1 /* [CP] Copy Pods Resources */,
			);
			buildRules = (
			);
			dependencies = (
			);
			name = Setakmon;
			productName = Setakmon;
			productReference = 539B30BA1F2D829700938F4E /* Setakmon.app */;
			productType = "com.apple.product-type.application";
		};
/* End PBXNativeTarget section */

/* Begin PBXProject section */
		539B30B21F2D829700938F4E /* Project object */ = {
			isa = PBXProject;
			attributes = {
				LastSwiftUpdateCheck = 0830;
				LastUpgradeCheck = 0830;
				ORGANIZATIONNAME = "이상윤";
				TargetAttributes = {
					539B30B91F2D829700938F4E = {
						CreatedOnToolsVersion = 8.3.3;
						DevelopmentTeam = MN225LJUH9;
						ProvisioningStyle = Automatic;
					};
				};
			};
			buildConfigurationList = 539B30B51F2D829700938F4E /* Build configuration list for PBXProject "Setakmon" */;
			compatibilityVersion = "Xcode 3.2";
			developmentRegion = English;
			hasScannedForEncodings = 0;
			knownRegions = (
				en,
				Base,
			);
			mainGroup = 539B30B11F2D829700938F4E;
			productRefGroup = 539B30BB1F2D829700938F4E /* Products */;
			projectDirPath = "";
			projectRoot = "";
			targets = (
				539B30B91F2D829700938F4E /* Setakmon */,
			);
		};
/* End PBXProject section */

/* Begin PBXResourcesBuildPhase section */
		539B30B81F2D829700938F4E /* Resources */ = {
			isa = PBXResourcesBuildPhase;
			buildActionMask = 2147483647;
			files = (
				539B30C81F2D829700938F4E /* LaunchScreen.storyboard in Resources */,
				539B30D01F2D82D700938F4E /* GoogleService-Info.plist in Resources */,
				539B30C51F2D829700938F4E /* Assets.xcassets in Resources */,
				539B30C31F2D829700938F4E /* Main.storyboard in Resources */,
			);
			runOnlyForDeploymentPostprocessing = 0;
		};
/* End PBXResourcesBuildPhase section */

/* Begin PBXShellScriptBuildPhase section */
		AC399BECCD6ADF882AE1EDE8 /* [CP] Embed Pods Frameworks */ = {
			isa = PBXShellScriptBuildPhase;
			buildActionMask = 2147483647;
			files = (
			);
			inputPaths = (
			);
			name = "[CP] Embed Pods Frameworks";
			outputPaths = (
			);
			runOnlyForDeploymentPostprocessing = 0;
			shellPath = /bin/sh;
			shellScript = "\"${SRCROOT}/Pods/Target Support Files/Pods-Setakmon/Pods-Setakmon-frameworks.sh\"\n";
			showEnvVarsInLog = 0;
		};
		C48144FDF04B4E6AFC7829BA /* [CP] Check Pods Manifest.lock */ = {
			isa = PBXShellScriptBuildPhase;
			buildActionMask = 2147483647;
			files = (
			);
			inputPaths = (
			);
			name = "[CP] Check Pods Manifest.lock";
			outputPaths = (
			);
			runOnlyForDeploymentPostprocessing = 0;
			shellPath = /bin/sh;
			shellScript = "diff \"${PODS_ROOT}/../Podfile.lock\" \"${PODS_ROOT}/Manifest.lock\" > /dev/null\nif [ $? != 0 ] ; then\n    # print error to STDERR\n    echo \"error: The sandbox is not in sync with the Podfile.lock. Run 'pod install' or update your CocoaPods installation.\" >&2\n    exit 1\nfi\n";
			showEnvVarsInLog = 0;
		};
		CF3A9040997839623ED5E9D1 /* [CP] Copy Pods Resources */ = {
			isa = PBXShellScriptBuildPhase;
			buildActionMask = 2147483647;
			files = (
			);
			inputPaths = (
			);
			name = "[CP] Copy Pods Resources";
			outputPaths = (
			);
			runOnlyForDeploymentPostprocessing = 0;
			shellPath = /bin/sh;
			shellScript = "\"${SRCROOT}/Pods/Target Support Files/Pods-Setakmon/Pods-Setakmon-resources.sh\"\n";
			showEnvVarsInLog = 0;
		};
/* End PBXShellScriptBuildPhase section */

/* Begin PBXSourcesBuildPhase section */
		539B30B61F2D829700938F4E /* Sources */ = {
			isa = PBXSourcesBuildPhase;
			buildActionMask = 2147483647;
			files = (
				536AF7F51F402A5A00D42F14 /* WasherRoomModel.swift in Sources */,
				539B30D61F2D936D00938F4E /* Washer.swift in Sources */,
				539B30D41F2D8F9200938F4E /* MainTableViewCell.swift in Sources */,
				539B30BE1F2D829700938F4E /* AppDelegate.swift in Sources */,
				536AF7FB1F4041AA00D42F14 /* WasherUpdateDeleagte.swift in Sources */,
				536AF7FD1F40452600D42F14 /* MainViewController.swift in Sources */,
			);
			runOnlyForDeploymentPostprocessing = 0;
		};
/* End PBXSourcesBuildPhase section */

/* Begin PBXVariantGroup section */
		539B30C11F2D829700938F4E /* Main.storyboard */ = {
			isa = PBXVariantGroup;
			children = (
				539B30C21F2D829700938F4E /* Base */,
			);
			name = Main.storyboard;
			sourceTree = "<group>";
		};
		539B30C61F2D829700938F4E /* LaunchScreen.storyboard */ = {
			isa = PBXVariantGroup;
			children = (
				539B30C71F2D829700938F4E /* Base */,
			);
			name = LaunchScreen.storyboard;
			sourceTree = "<group>";
		};
/* End PBXVariantGroup section */

/* Begin XCBuildConfiguration section */
		539B30CA1F2D829700938F4E /* Debug */ = {
			isa = XCBuildConfiguration;
			buildSettings = {
				ALWAYS_SEARCH_USER_PATHS = NO;
				CLANG_ANALYZER_NONNULL = YES;
				CLANG_ANALYZER_NUMBER_OBJECT_CONVERSION = YES_AGGRESSIVE;
				CLANG_CXX_LANGUAGE_STANDARD = "gnu++0x";
				CLANG_CXX_LIBRARY = "libc++";
				CLANG_ENABLE_MODULES = YES;
				CLANG_ENABLE_OBJC_ARC = YES;
				CLANG_WARN_BOOL_CONVERSION = YES;
				CLANG_WARN_CONSTANT_CONVERSION = YES;
				CLANG_WARN_DIRECT_OBJC_ISA_USAGE = YES_ERROR;
				CLANG_WARN_DOCUMENTATION_COMMENTS = YES;
				CLANG_WARN_EMPTY_BODY = YES;
				CLANG_WARN_ENUM_CONVERSION = YES;
				CLANG_WARN_INFINITE_RECURSION = YES;
				CLANG_WARN_INT_CONVERSION = YES;
				CLANG_WARN_OBJC_ROOT_CLASS = YES_ERROR;
				CLANG_WARN_SUSPICIOUS_MOVE = YES;
				CLANG_WARN_UNREACHABLE_CODE = YES;
				CLANG_WARN__DUPLICATE_METHOD_MATCH = YES;
				"CODE_SIGN_IDENTITY[sdk=iphoneos*]" = "iPhone Developer";
				COPY_PHASE_STRIP = NO;
				DEBUG_INFORMATION_FORMAT = dwarf;
				ENABLE_STRICT_OBJC_MSGSEND = YES;
				ENABLE_TESTABILITY = YES;
				GCC_C_LANGUAGE_STANDARD = gnu99;
				GCC_DYNAMIC_NO_PIC = NO;
				GCC_NO_COMMON_BLOCKS = YES;
				GCC_OPTIMIZATION_LEVEL = 0;
				GCC_PREPROCESSOR_DEFINITIONS = (
					"DEBUG=1",
					"$(inherited)",
				);
				GCC_WARN_64_TO_32_BIT_CONVERSION = YES;
				GCC_WARN_ABOUT_RETURN_TYPE = YES_ERROR;
				GCC_WARN_UNDECLARED_SELECTOR = YES;
				GCC_WARN_UNINITIALIZED_AUTOS = YES_AGGRESSIVE;
				GCC_WARN_UNUSED_FUNCTION = YES;
				GCC_WARN_UNUSED_VARIABLE = YES;
				IPHONEOS_DEPLOYMENT_TARGET = 10.3;
				MTL_ENABLE_DEBUG_INFO = YES;
				ONLY_ACTIVE_ARCH = YES;
				SDKROOT = iphoneos;
				SWIFT_ACTIVE_COMPILATION_CONDITIONS = DEBUG;
				SWIFT_OPTIMIZATION_LEVEL = "-Onone";
			};
			name = Debug;
		};
		539B30CB1F2D829700938F4E /* Release */ = {
			isa = XCBuildConfiguration;
			buildSettings = {
				ALWAYS_SEARCH_USER_PATHS = NO;
				CLANG_ANALYZER_NONNULL = YES;
				CLANG_ANALYZER_NUMBER_OBJECT_CONVERSION = YES_AGGRESSIVE;
				CLANG_CXX_LANGUAGE_STANDARD = "gnu++0x";
				CLANG_CXX_LIBRARY = "libc++";
				CLANG_ENABLE_MODULES = YES;
				CLANG_ENABLE_OBJC_ARC = YES;
				CLANG_WARN_BOOL_CONVERSION = YES;
				CLANG_WARN_CONSTANT_CONVERSION = YES;
				CLANG_WARN_DIRECT_OBJC_ISA_USAGE = YES_ERROR;
				CLANG_WARN_DOCUMENTATION_COMMENTS = YES;
				CLANG_WARN_EMPTY_BODY = YES;
				CLANG_WARN_ENUM_CONVERSION = YES;
				CLANG_WARN_INFINITE_RECURSION = YES;
				CLANG_WARN_INT_CONVERSION = YES;
				CLANG_WARN_OBJC_ROOT_CLASS = YES_ERROR;
				CLANG_WARN_SUSPICIOUS_MOVE = YES;
				CLANG_WARN_UNREACHABLE_CODE = YES;
				CLANG_WARN__DUPLICATE_METHOD_MATCH = YES;
				"CODE_SIGN_IDENTITY[sdk=iphoneos*]" = "iPhone Developer";
				COPY_PHASE_STRIP = NO;
				DEBUG_INFORMATION_FORMAT = "dwarf-with-dsym";
				ENABLE_NS_ASSERTIONS = NO;
				ENABLE_STRICT_OBJC_MSGSEND = YES;
				GCC_C_LANGUAGE_STANDARD = gnu99;
				GCC_NO_COMMON_BLOCKS = YES;
				GCC_WARN_64_TO_32_BIT_CONVERSION = YES;
				GCC_WARN_ABOUT_RETURN_TYPE = YES_ERROR;
				GCC_WARN_UNDECLARED_SELECTOR = YES;
				GCC_WARN_UNINITIALIZED_AUTOS = YES_AGGRESSIVE;
				GCC_WARN_UNUSED_FUNCTION = YES;
				GCC_WARN_UNUSED_VARIABLE = YES;
				IPHONEOS_DEPLOYMENT_TARGET = 10.3;
				MTL_ENABLE_DEBUG_INFO = NO;
				SDKROOT = iphoneos;
				SWIFT_OPTIMIZATION_LEVEL = "-Owholemodule";
				VALIDATE_PRODUCT = YES;
			};
			name = Release;
		};
		539B30CD1F2D829700938F4E /* Debug */ = {
			isa = XCBuildConfiguration;
			baseConfigurationReference = 8D4F1887BF452E9A6AD21497 /* Pods-Setakmon.debug.xcconfig */;
			buildSettings = {
				ASSETCATALOG_COMPILER_APPICON_NAME = AppIcon;
				DEVELOPMENT_TEAM = MN225LJUH9;
				INFOPLIST_FILE = Setakmon/Info.plist;
				LD_RUNPATH_SEARCH_PATHS = "$(inherited) @executable_path/Frameworks";
				PRODUCT_BUNDLE_IDENTIFIER = com.sangyoon.Setakmon;
				PRODUCT_NAME = "$(TARGET_NAME)";
				SWIFT_VERSION = 3.0;
			};
			name = Debug;
		};
		539B30CE1F2D829700938F4E /* Release */ = {
			isa = XCBuildConfiguration;
			baseConfigurationReference = 14A2B1418480B33D85C11F4C /* Pods-Setakmon.release.xcconfig */;
			buildSettings = {
				ASSETCATALOG_COMPILER_APPICON_NAME = AppIcon;
				DEVELOPMENT_TEAM = MN225LJUH9;
				INFOPLIST_FILE = Setakmon/Info.plist;
				LD_RUNPATH_SEARCH_PATHS = "$(inherited) @executable_path/Frameworks";
				PRODUCT_BUNDLE_IDENTIFIER = com.sangyoon.Setakmon;
				PRODUCT_NAME = "$(TARGET_NAME)";
				SWIFT_VERSION = 3.0;
			};
			name = Release;
		};
/* End XCBuildConfiguration section */

/* Begin XCConfigurationList section */
		539B30B51F2D829700938F4E /* Build configuration list for PBXProject "Setakmon" */ = {
			isa = XCConfigurationList;
			buildConfigurations = (
				539B30CA1F2D829700938F4E /* Debug */,
				539B30CB1F2D829700938F4E /* Release */,
			);
			defaultConfigurationIsVisible = 0;
			defaultConfigurationName = Release;
		};
		539B30CC1F2D829700938F4E /* Build configuration list for PBXNativeTarget "Setakmon" */ = {
			isa = XCConfigurationList;
			buildConfigurations = (
				539B30CD1F2D829700938F4E /* Debug */,
				539B30CE1F2D829700938F4E /* Release */,
			);
			defaultConfigurationIsVisible = 0;
			defaultConfigurationName = Release;
		};
/* End XCConfigurationList section */
	};
	rootObject = 539B30B21F2D829700938F4E /* Project object */;
}
